
Microsoft Visual Studio Solution File, Format Version 12.00
# Visual Studio Version 17
VisualStudioVersion = 17.7.34221.43
MinimumVisualStudioVersion = 10.0.40219.1
Project("{FAE04EC0-301F-11D3-BF4B-00C04F79EFBC}") = "MS", "MS\MS.csproj", "{82906BEA-81F2-4DF5-9F48-07C080E1B8C0}"
EndProject
Global
	GlobalSection(SolutionConfigurationPlatforms) = preSolution
		Debug|Any CPU = Debug|Any CPU
		Release|Any CPU = Release|Any CPU
	EndGlobalSection
	GlobalSection(ProjectConfigurationPlatforms) = postSolution
		{82906BEA-81F2-4DF5-9F48-07C080E1B8C0}.Debug|Any CPU.ActiveCfg = Debug|Any CPU
		{82906BEA-81F2-4DF5-9F48-07C080E1B8C0}.Debug|Any CPU.Build.0 = Debug|Any CPU
		{82906BEA-81F2-4DF5-9F48-07C080E1B8C0}.Release|Any CPU.ActiveCfg = Release|Any CPU
		{82906BEA-81F2-4DF5-9F48-07C080E1B8C0}.Release|Any CPU.Build.0 = Release|Any CPU
	EndGlobalSection
	GlobalSection(SolutionProperties) = preSolution
		HideSolutionNode = FALSE
	EndGlobalSection
	GlobalSection(ExtensibilityGlobals) = postSolution
		SolutionGuid = {9434E0B9-175A-489E-9096-1A86DDF4BC71}
	EndGlobalSection
EndGlobal
